{
  "name": "lucidchart-to-loopback-model-script",
  "version": "1.0.0",
  "lockfileVersion": 1,
  "requires": true,
  "dependencies": {
    "csv-parse": {
      "version": "4.10.1",
      "resolved": "https://registry.npmjs.org/csv-parse/-/csv-parse-4.10.1.tgz",
      "integrity": "sha512-gdDJVchi0oSLIcYXz1H/VSgLE6htHDqJyFsRU/vTkQgmVOZ3S0IR2LXnNbWUYG7VD76dYVwdfBLyx8AX9+An8A=="
    },
    "fs": {
      "version": "0.0.1-security",
      "resolved": "https://registry.npmjs.org/fs/-/fs-0.0.1-security.tgz",
      "integrity": "sha1-invTcYa23d84E/I4WLV+yq9eQdQ="
    },
    "mkdirp": {
      "version": "1.0.4",
      "resolved": "https://registry.npmjs.org/mkdirp/-/mkdirp-1.0.4.tgz",
      "integrity": "sha512-vVqVZQyf3WLx2Shd0qJ9xuvqgAyKPLAiqITEtqW0oIUjzo3PePDd6fW9iFz30ef7Ysp/oiWqbhszeGWW2T6Gzw=="
    }
  }
}
